{
  "nodes": {
    "nixpkgs": {
      "locked": {
        "lastModified": 1636066614,
        "narHash": "sha256-6XUf07A1IYXmSE4/2qsxLZ4L19C+y9khqxbzkEErJ3Q=",
        "owner": "NixOS",
        "repo": "nixpkgs",
        "rev": "96ded94eb0a8ca3781fb52087b40e09425e384cb",
        "type": "github"
      },
      "original": {
        "id": "nixpkgs",
        "ref": "nixos-21.05",
        "type": "indirect"
      }
    },
    "root": {
      "inputs": {
        "nixpkgs": "nixpkgs"
      }
    }
  },
  "root": "root",
  "version": 7
}
